
Microsoft Visual Studio Solution File, Format Version 12.00
# Visual Studio Version 17
VisualStudioVersion = 17.8.34004.107
MinimumVisualStudioVersion = 10.0.40219.1
Project("{FAE04EC0-301F-11D3-BF4B-00C04F79EFBC}") = "HalloDb", "HalloDb\HalloDb.csproj", "{90FA646D-D021-4F1D-B45A-175BE2F743B1}"
EndProject
Global
	GlobalSection(SolutionConfigurationPlatforms) = preSolution
		Debug|Any CPU = Debug|Any CPU
		Release|Any CPU = Release|Any CPU
	EndGlobalSection
	GlobalSection(ProjectConfigurationPlatforms) = postSolution
		{90FA646D-D021-4F1D-B45A-175BE2F743B1}.Debug|Any CPU.ActiveCfg = Debug|Any CPU
		{90FA646D-D021-4F1D-B45A-175BE2F743B1}.Debug|Any CPU.Build.0 = Debug|Any CPU
		{90FA646D-D021-4F1D-B45A-175BE2F743B1}.Release|Any CPU.ActiveCfg = Release|Any CPU
		{90FA646D-D021-4F1D-B45A-175BE2F743B1}.Release|Any CPU.Build.0 = Release|Any CPU
	EndGlobalSection
	GlobalSection(SolutionProperties) = preSolution
		HideSolutionNode = FALSE
	EndGlobalSection
	GlobalSection(ExtensibilityGlobals) = postSolution
		SolutionGuid = {06B5AC9E-B02B-40D4-B3EF-0676006D9D40}
	EndGlobalSection
EndGlobal
